
Microsoft Visual Studio Solution File, Format Version 12.00
# Visual Studio Version 17
VisualStudioVersion = 17.9.34902.65
MinimumVisualStudioVersion = 10.0.40219.1
Project("{FAE04EC0-301F-11D3-BF4B-00C04F79EFBC}") = "PerformanceMonitor", "PerformanceMonitor.csproj", "{EBA38D32-A936-4E1B-86BC-A60218248CA5}"
EndProject
Global
	GlobalSection(SolutionConfigurationPlatforms) = preSolution
		Debug|Any CPU = Debug|Any CPU
		Release|Any CPU = Release|Any CPU
	EndGlobalSection
	GlobalSection(ProjectConfigurationPlatforms) = postSolution
		{EBA38D32-A936-4E1B-86BC-A60218248CA5}.Debug|Any CPU.ActiveCfg = Debug|Any CPU
		{EBA38D32-A936-4E1B-86BC-A60218248CA5}.Debug|Any CPU.Build.0 = Debug|Any CPU
		{EBA38D32-A936-4E1B-86BC-A60218248CA5}.Release|Any CPU.ActiveCfg = Release|Any CPU
		{EBA38D32-A936-4E1B-86BC-A60218248CA5}.Release|Any CPU.Build.0 = Release|Any CPU
	EndGlobalSection
	GlobalSection(SolutionProperties) = preSolution
		HideSolutionNode = FALSE
	EndGlobalSection
	GlobalSection(ExtensibilityGlobals) = postSolution
		SolutionGuid = {8787B5F8-1570-4F65-A669-D19E4B9782C0}
	EndGlobalSection
EndGlobal
